
Microsoft Visual Studio Solution File, Format Version 12.00
# Visual Studio Version 17
VisualStudioVersion = 17.4.33213.308
MinimumVisualStudioVersion = 10.0.40219.1
Project("{FAE04EC0-301F-11D3-BF4B-00C04F79EFBC}") = "MenusFrames", "MenusFrames.csproj", "{16296E20-C549-4B6F-BBB7-7C8F1FF6CA53}"
EndProject
Global
	GlobalSection(SolutionConfigurationPlatforms) = preSolution
		Debug|Any CPU = Debug|Any CPU
		Release|Any CPU = Release|Any CPU
	EndGlobalSection
	GlobalSection(ProjectConfigurationPlatforms) = postSolution
		{16296E20-C549-4B6F-BBB7-7C8F1FF6CA53}.Debug|Any CPU.ActiveCfg = Debug|Any CPU
		{16296E20-C549-4B6F-BBB7-7C8F1FF6CA53}.Debug|Any CPU.Build.0 = Debug|Any CPU
		{16296E20-C549-4B6F-BBB7-7C8F1FF6CA53}.Release|Any CPU.ActiveCfg = Release|Any CPU
		{16296E20-C549-4B6F-BBB7-7C8F1FF6CA53}.Release|Any CPU.Build.0 = Release|Any CPU
	EndGlobalSection
	GlobalSection(SolutionProperties) = preSolution
		HideSolutionNode = FALSE
	EndGlobalSection
	GlobalSection(ExtensibilityGlobals) = postSolution
		SolutionGuid = {23EAEE34-1BC9-44A4-862A-4305554EDC45}
	EndGlobalSection
EndGlobal
